// !$*UTF8*$!
{
	archiveVersion = 1;
	classes = {
	};
	objectVersion = 50;
	objects = {

/* Begin PBXBuildFile section */
		10203F6325C181F8000D6662 /* AppDelegate.swift in Sources */ = {isa = PBXBuildFile; fileRef = 10203F6225C181F8000D6662 /* AppDelegate.swift */; };
		10203F6525C181F8000D6662 /* SceneDelegate.swift in Sources */ = {isa = PBXBuildFile; fileRef = 10203F6425C181F8000D6662 /* SceneDelegate.swift */; };
		10203F6725C181F8000D6662 /* ViewController.swift in Sources */ = {isa = PBXBuildFile; fileRef = 10203F6625C181F8000D6662 /* ViewController.swift */; };
		10203F6A25C181F8000D6662 /* Main.storyboard in Resources */ = {isa = PBXBuildFile; fileRef = 10203F6825C181F8000D6662 /* Main.storyboard */; };
		10203F6C25C181F9000D6662 /* Assets.xcassets in Resources */ = {isa = PBXBuildFile; fileRef = 10203F6B25C181F9000D6662 /* Assets.xcassets */; };
		10203F6F25C181F9000D6662 /* LaunchScreen.storyboard in Resources */ = {isa = PBXBuildFile; fileRef = 10203F6D25C181F9000D6662 /* LaunchScreen.storyboard */; };
		10203F7A25C181F9000D6662 /* VadimkaTests.swift in Sources */ = {isa = PBXBuildFile; fileRef = 10203F7925C181F9000D6662 /* VadimkaTests.swift */; };
		10203F8525C181F9000D6662 /* VadimkaUITests.swift in Sources */ = {isa = PBXBuildFile; fileRef = 10203F8425C181F9000D6662 /* VadimkaUITests.swift */; };
/* End PBXBuildFile section */

/* Begin PBXContainerItemProxy section */
		10203F7625C181F9000D6662 /* PBXContainerItemProxy */ = {
			isa = PBXContainerItemProxy;
			containerPortal = 10203F5725C181F8000D6662 /* Project object */;
			proxyType = 1;
			remoteGlobalIDString = 10203F5E25C181F8000D6662;
			remoteInfo = Vadimka;
		};
		10203F8125C181F9000D6662 /* PBXContainerItemProxy */ = {
			isa = PBXContainerItemProxy;
			containerPortal = 10203F5725C181F8000D6662 /* Project object */;
			proxyType = 1;
			remoteGlobalIDString = 10203F5E25C181F8000D6662;
			remoteInfo = Vadimka;
		};
/* End PBXContainerItemProxy section */

/* Begin PBXFileReference section */
		10203F5F25C181F8000D6662 /* Vadimka.app */ = {isa = PBXFileReference; explicitFileType = wrapper.application; includeInIndex = 0; path = Vadimka.app; sourceTree = BUILT_PRODUCTS_DIR; };
		10203F6225C181F8000D6662 /* AppDelegate.swift */ = {isa = PBXFileReference; lastKnownFileType = sourcecode.swift; path = AppDelegate.swift; sourceTree = "<group>"; };
		10203F6425C181F8000D6662 /* SceneDelegate.swift */ = {isa = PBXFileReference; lastKnownFileType = sourcecode.swift; path = SceneDelegate.swift; sourceTree = "<group>"; };
		10203F6625C181F8000D6662 /* ViewController.swift */ = {isa = PBXFileReference; lastKnownFileType = sourcecode.swift; path = ViewController.swift; sourceTree = "<group>"; };
		10203F6925C181F8000D6662 /* Base */ = {isa = PBXFileReference; lastKnownFileType = file.storyboard; name = Base; path = Base.lproj/Main.storyboard; sourceTree = "<group>"; };
		10203F6B25C181F9000D6662 /* Assets.xcassets */ = {isa = PBXFileReference; lastKnownFileType = folder.assetcatalog; path = Assets.xcassets; sourceTree = "<group>"; };
		10203F6E25C181F9000D6662 /* Base */ = {isa = PBXFileReference; lastKnownFileType = file.storyboard; name = Base; path = Base.lproj/LaunchScreen.storyboard; sourceTree = "<group>"; };
		10203F7025C181F9000D6662 /* Info.plist */ = {isa = PBXFileReference; lastKnownFileType = text.plist.xml; path = Info.plist; sourceTree = "<group>"; };
		10203F7525C181F9000D6662 /* VadimkaTests.xctest */ = {isa = PBXFileReference; explicitFileType = wrapper.cfbundle; includeInIndex = 0; path = VadimkaTests.xctest; sourceTree = BUILT_PRODUCTS_DIR; };
		10203F7925C181F9000D6662 /* VadimkaTests.swift */ = {isa = PBXFileReference; lastKnownFileType = sourcecode.swift; path = VadimkaTests.swift; sourceTree = "<group>"; };
		10203F7B25C181F9000D6662 /* Info.plist */ = {isa = PBXFileReference; lastKnownFileType = text.plist.xml; path = Info.plist; sourceTree = "<group>"; };
		10203F8025C181F9000D6662 /* VadimkaUITests.xctest */ = {isa = PBXFileReference; explicitFileType = wrapper.cfbundle; includeInIndex = 0; path = VadimkaUITests.xctest; sourceTree = BUILT_PRODUCTS_DIR; };
		10203F8425C181F9000D6662 /* VadimkaUITests.swift */ = {isa = PBXFileReference; lastKnownFileType = sourcecode.swift; path = VadimkaUITests.swift; sourceTree = "<group>"; };
		10203F8625C181F9000D6662 /* Info.plist */ = {isa = PBXFileReference; lastKnownFileType = text.plist.xml; path = Info.plist; sourceTree = "<group>"; };
/* End PBXFileReference section */

/* Begin PBXFrameworksBuildPhase section */
		10203F5C25C181F8000D6662 /* Frameworks */ = {
			isa = PBXFrameworksBuildPhase;
			buildActionMask = 2147483647;
			files = (
			);
			runOnlyForDeploymentPostprocessing = 0;
		};
		10203F7225C181F9000D6662 /* Frameworks */ = {
			isa = PBXFrameworksBuildPhase;
			buildActionMask = 2147483647;
			files = (
			);
			runOnlyForDeploymentPostprocessing = 0;
		};
		10203F7D25C181F9000D6662 /* Frameworks */ = {
			isa = PBXFrameworksBuildPhase;
			buildActionMask = 2147483647;
			files = (
			);
			runOnlyForDeploymentPostprocessing = 0;
		};
/* End PBXFrameworksBuildPhase section */

/* Begin PBXGroup section */
		10203F5625C181F8000D6662 = {
			isa = PBXGroup;
			children = (
				10203F6125C181F8000D6662 /* Vadimka */,
				10203F7825C181F9000D6662 /* VadimkaTests */,
				10203F8325C181F9000D6662 /* VadimkaUITests */,
				10203F6025C181F8000D6662 /* Products */,
			);
			sourceTree = "<group>";
		};
		10203F6025C181F8000D6662 /* Products */ = {
			isa = PBXGroup;
			children = (
				10203F5F25C181F8000D6662 /* Vadimka.app */,
				10203F7525C181F9000D6662 /* VadimkaTests.xctest */,
				10203F8025C181F9000D6662 /* VadimkaUITests.xctest */,
			);
			name = Products;
			sourceTree = "<group>";
		};
		10203F6125C181F8000D6662 /* Vadimka */ = {
			isa = PBXGroup;
			children = (
				10203F6225C181F8000D6662 /* AppDelegate.swift */,
				10203F6425C181F8000D6662 /* SceneDelegate.swift */,
				10203F6625C181F8000D6662 /* ViewController.swift */,
				10203F6825C181F8000D6662 /* Main.storyboard */,
				10203F6B25C181F9000D6662 /* Assets.xcassets */,
				10203F6D25C181F9000D6662 /* LaunchScreen.storyboard */,
				10203F7025C181F9000D6662 /* Info.plist */,
			);
			path = Vadimka;
			sourceTree = "<group>";
		};
		10203F7825C181F9000D6662 /* VadimkaTests */ = {
			isa = PBXGroup;
			children = (
				10203F7925C181F9000D6662 /* VadimkaTests.swift */,
				10203F7B25C181F9000D6662 /* Info.plist */,
			);
			path = VadimkaTests;
			sourceTree = "<group>";
		};
		10203F8325C181F9000D6662 /* VadimkaUITests */ = {
			isa = PBXGroup;
			children = (
				10203F8425C181F9000D6662 /* VadimkaUITests.swift */,
				10203F8625C181F9000D6662 /* Info.plist */,
			);
			path = VadimkaUITests;
			sourceTree = "<group>";
		};
/* End PBXGroup section */

/* Begin PBXNativeTarget section */
		10203F5E25C181F8000D6662 /* Vadimka */ = {
			isa = PBXNativeTarget;
			buildConfigurationList = 10203F8925C181F9000D6662 /* Build configuration list for PBXNativeTarget "Vadimka" */;
			buildPhases = (
				10203F5B25C181F8000D6662 /* Sources */,
				10203F5C25C181F8000D6662 /* Frameworks */,
				10203F5D25C181F8000D6662 /* Resources */,
			);
			buildRules = (
			);
			dependencies = (
			);
			name = Vadimka;
			productName = Vadimka;
			productReference = 10203F5F25C181F8000D6662 /* Vadimka.app */;
			productType = "com.apple.product-type.application";
		};
		10203F7425C181F9000D6662 /* VadimkaTests */ = {
			isa = PBXNativeTarget;
			buildConfigurationList = 10203F8C25C181F9000D6662 /* Build configuration list for PBXNativeTarget "VadimkaTests" */;
			buildPhases = (
				10203F7125C181F9000D6662 /* Sources */,
				10203F7225C181F9000D6662 /* Frameworks */,
				10203F7325C181F9000D6662 /* Resources */,
			);
			buildRules = (
			);
			dependencies = (
				10203F7725C181F9000D6662 /* PBXTargetDependency */,
			);
			name = VadimkaTests;
			productName = VadimkaTests;
			productReference = 10203F7525C181F9000D6662 /* VadimkaTests.xctest */;
			productType = "com.apple.product-type.bundle.unit-test";
		};
		10203F7F25C181F9000D6662 /* VadimkaUITests */ = {
			isa = PBXNativeTarget;
			buildConfigurationList = 10203F8F25C181F9000D6662 /* Build configuration list for PBXNativeTarget "VadimkaUITests" */;
			buildPhases = (
				10203F7C25C181F9000D6662 /* Sources */,
				10203F7D25C181F9000D6662 /* Frameworks */,
				10203F7E25C181F9000D6662 /* Resources */,
			);
			buildRules = (
			);
			dependencies = (
				10203F8225C181F9000D6662 /* PBXTargetDependency */,
			);
			name = VadimkaUITests;
			productName = VadimkaUITests;
			productReference = 10203F8025C181F9000D6662 /* VadimkaUITests.xctest */;
			productType = "com.apple.product-type.bundle.ui-testing";
		};
/* End PBXNativeTarget section */

/* Begin PBXProject section */
		10203F5725C181F8000D6662 /* Project object */ = {
			isa = PBXProject;
			attributes = {
				LastSwiftUpdateCheck = 1210;
				LastUpgradeCheck = 1210;
				TargetAttributes = {
					10203F5E25C181F8000D6662 = {
						CreatedOnToolsVersion = 12.1;
					};
					10203F7425C181F9000D6662 = {
						CreatedOnToolsVersion = 12.1;
						TestTargetID = 10203F5E25C181F8000D6662;
					};
					10203F7F25C181F9000D6662 = {
						CreatedOnToolsVersion = 12.1;
						TestTargetID = 10203F5E25C181F8000D6662;
					};
				};
			};
			buildConfigurationList = 10203F5A25C181F8000D6662 /* Build configuration list for PBXProject "Vadimka" */;
			compatibilityVersion = "Xcode 9.3";
			developmentRegion = en;
			hasScannedForEncodings = 0;
			knownRegions = (
				en,
				Base,
			);
			mainGroup = 10203F5625C181F8000D6662;
			productRefGroup = 10203F6025C181F8000D6662 /* Products */;
			projectDirPath = "";
			projectRoot = "";
			targets = (
				10203F5E25C181F8000D6662 /* Vadimka */,
				10203F7425C181F9000D6662 /* VadimkaTests */,
				10203F7F25C181F9000D6662 /* VadimkaUITests */,
			);
		};
/* End PBXProject section */

/* Begin PBXResourcesBuildPhase section */
		10203F5D25C181F8000D6662 /* Resources */ = {
			isa = PBXResourcesBuildPhase;
			buildActionMask = 2147483647;
			files = (
				10203F6F25C181F9000D6662 /* LaunchScreen.storyboard in Resources */,
				10203F6C25C181F9000D6662 /* Assets.xcassets in Resources */,
				10203F6A25C181F8000D6662 /* Main.storyboard in Resources */,
			);
			runOnlyForDeploymentPostprocessing = 0;
		};
		10203F7325C181F9000D6662 /* Resources */ = {
			isa = PBXResourcesBuildPhase;
			buildActionMask = 2147483647;
			files = (
			);
			runOnlyForDeploymentPostprocessing = 0;
		};
		10203F7E25C181F9000D6662 /* Resources */ = {
			isa = PBXResourcesBuildPhase;
			buildActionMask = 2147483647;
			files = (
			);
			runOnlyForDeploymentPostprocessing = 0;
		};
/* End PBXResourcesBuildPhase section */

/* Begin PBXSourcesBuildPhase section */
		10203F5B25C181F8000D6662 /* Sources */ = {
			isa = PBXSourcesBuildPhase;
			buildActionMask = 2147483647;
			files = (
				10203F6725C181F8000D6662 /* ViewController.swift in Sources */,
				10203F6325C181F8000D6662 /* AppDelegate.swift in Sources */,
				10203F6525C181F8000D6662 /* SceneDelegate.swift in Sources */,
			);
			runOnlyForDeploymentPostprocessing = 0;
		};
		10203F7125C181F9000D6662 /* Sources */ = {
			isa = PBXSourcesBuildPhase;
			buildActionMask = 2147483647;
			files = (
				10203F7A25C181F9000D6662 /* VadimkaTests.swift in Sources */,
			);
			runOnlyForDeploymentPostprocessing = 0;
		};
		10203F7C25C181F9000D6662 /* Sources */ = {
			isa = PBXSourcesBuildPhase;
			buildActionMask = 2147483647;
			files = (
				10203F8525C181F9000D6662 /* VadimkaUITests.swift in Sources */,
			);
			runOnlyForDeploymentPostprocessing = 0;
		};
/* End PBXSourcesBuildPhase section */

/* Begin PBXTargetDependency section */
		10203F7725C181F9000D6662 /* PBXTargetDependency */ = {
			isa = PBXTargetDependency;
			target = 10203F5E25C181F8000D6662 /* Vadimka */;
			targetProxy = 10203F7625C181F9000D6662 /* PBXContainerItemProxy */;
		};
		10203F8225C181F9000D6662 /* PBXTargetDependency */ = {
			isa = PBXTargetDependency;
			target = 10203F5E25C181F8000D6662 /* Vadimka */;
			targetProxy = 10203F8125C181F9000D6662 /* PBXContainerItemProxy */;
		};
/* End PBXTargetDependency section */

/* Begin PBXVariantGroup section */
		10203F6825C181F8000D6662 /* Main.storyboard */ = {
			isa = PBXVariantGroup;
			children = (
				10203F6925C181F8000D6662 /* Base */,
			);
			name = Main.storyboard;
			sourceTree = "<group>";
		};
		10203F6D25C181F9000D6662 /* LaunchScreen.storyboard */ = {
			isa = PBXVariantGroup;
			children = (
				10203F6E25C181F9000D6662 /* Base */,
			);
			name = LaunchScreen.storyboard;
			sourceTree = "<group>";
		};
/* End PBXVariantGroup section */

/* Begin XCBuildConfiguration section */
		10203F8725C181F9000D6662 /* Debug */ = {
			isa = XCBuildConfiguration;
			buildSettings = {
				ALWAYS_SEARCH_USER_PATHS = NO;
				CLANG_ANALYZER_NONNULL = YES;
				CLANG_ANALYZER_NUMBER_OBJECT_CONVERSION = YES_AGGRESSIVE;
				CLANG_CXX_LANGUAGE_STANDARD = "gnu++14";
				CLANG_CXX_LIBRARY = "libc++";
				CLANG_ENABLE_MODULES = YES;
				CLANG_ENABLE_OBJC_ARC = YES;
				CLANG_ENABLE_OBJC_WEAK = YES;
				CLANG_WARN_BLOCK_CAPTURE_AUTORELEASING = YES;
				CLANG_WARN_BOOL_CONVERSION = YES;
				CLANG_WARN_COMMA = YES;
				CLANG_WARN_CONSTANT_CONVERSION = YES;
				CLANG_WARN_DEPRECATED_OBJC_IMPLEMENTATIONS = YES;
				CLANG_WARN_DIRECT_OBJC_ISA_USAGE = YES_ERROR;
				CLANG_WARN_DOCUMENTATION_COMMENTS = YES;
				CLANG_WARN_EMPTY_BODY = YES;
				CLANG_WARN_ENUM_CONVERSION = YES;
				CLANG_WARN_INFINITE_RECURSION = YES;
				CLANG_WARN_INT_CONVERSION = YES;
				CLANG_WARN_NON_LITERAL_NULL_CONVERSION = YES;
				CLANG_WARN_OBJC_IMPLICIT_RETAIN_SELF = YES;
				CLANG_WARN_OBJC_LITERAL_CONVERSION = YES;
				CLANG_WARN_OBJC_ROOT_CLASS = YES_ERROR;
				CLANG_WARN_QUOTED_INCLUDE_IN_FRAMEWORK_HEADER = YES;
				CLANG_WARN_RANGE_LOOP_ANALYSIS = YES;
				CLANG_WARN_STRICT_PROTOTYPES = YES;
				CLANG_WARN_SUSPICIOUS_MOVE = YES;
				CLANG_WARN_UNGUARDED_AVAILABILITY = YES_AGGRESSIVE;
				CLANG_WARN_UNREACHABLE_CODE = YES;
				CLANG_WARN__DUPLICATE_METHOD_MATCH = YES;
				COPY_PHASE_STRIP = NO;
				DEBUG_INFORMATION_FORMAT = dwarf;
				ENABLE_STRICT_OBJC_MSGSEND = YES;
				ENABLE_TESTABILITY = YES;
				GCC_C_LANGUAGE_STANDARD = gnu11;
				GCC_DYNAMIC_NO_PIC = NO;
				GCC_NO_COMMON_BLOCKS = YES;
				GCC_OPTIMIZATION_LEVEL = 0;
				GCC_PREPROCESSOR_DEFINITIONS = (
					"DEBUG=1",
					"$(inherited)",
				);
				GCC_WARN_64_TO_32_BIT_CONVERSION = YES;
				GCC_WARN_ABOUT_RETURN_TYPE = YES_ERROR;
				GCC_WARN_UNDECLARED_SELECTOR = YES;
				GCC_WARN_UNINITIALIZED_AUTOS = YES_AGGRESSIVE;
				GCC_WARN_UNUSED_FUNCTION = YES;
				GCC_WARN_UNUSED_VARIABLE = YES;
				IPHONEOS_DEPLOYMENT_TARGET = 14.1;
				MTL_ENABLE_DEBUG_INFO = INCLUDE_SOURCE;
				MTL_FAST_MATH = YES;
				ONLY_ACTIVE_ARCH = YES;
				SDKROOT = iphoneos;
				SWIFT_ACTIVE_COMPILATION_CONDITIONS = DEBUG;
				SWIFT_OPTIMIZATION_LEVEL = "-Onone";
			};
			name = Debug;
		};
		10203F8825C181F9000D6662 /* Release */ = {
			isa = XCBuildConfiguration;
			buildSettings = {
				ALWAYS_SEARCH_USER_PATHS = NO;
				CLANG_ANALYZER_NONNULL = YES;
				CLANG_ANALYZER_NUMBER_OBJECT_CONVERSION = YES_AGGRESSIVE;
				CLANG_CXX_LANGUAGE_STANDARD = "gnu++14";
				CLANG_CXX_LIBRARY = "libc++";
				CLANG_ENABLE_MODULES = YES;
				CLANG_ENABLE_OBJC_ARC = YES;
				CLANG_ENABLE_OBJC_WEAK = YES;
				CLANG_WARN_BLOCK_CAPTURE_AUTORELEASING = YES;
				CLANG_WARN_BOOL_CONVERSION = YES;
				CLANG_WARN_COMMA = YES;
				CLANG_WARN_CONSTANT_CONVERSION = YES;
				CLANG_WARN_DEPRECATED_OBJC_IMPLEMENTATIONS = YES;
				CLANG_WARN_DIRECT_OBJC_ISA_USAGE = YES_ERROR;
				CLANG_WARN_DOCUMENTATION_COMMENTS = YES;
				CLANG_WARN_EMPTY_BODY = YES;
				CLANG_WARN_ENUM_CONVERSION = YES;
				CLANG_WARN_INFINITE_RECURSION = YES;
				CLANG_WARN_INT_CONVERSION = YES;
				CLANG_WARN_NON_LITERAL_NULL_CONVERSION = YES;
				CLANG_WARN_OBJC_IMPLICIT_RETAIN_SELF = YES;
				CLANG_WARN_OBJC_LITERAL_CONVERSION = YES;
				CLANG_WARN_OBJC_ROOT_CLASS = YES_ERROR;
				CLANG_WARN_QUOTED_INCLUDE_IN_FRAMEWORK_HEADER = YES;
				CLANG_WARN_RANGE_LOOP_ANALYSIS = YES;
				CLANG_WARN_STRICT_PROTOTYPES = YES;
				CLANG_WARN_SUSPICIOUS_MOVE = YES;
				CLANG_WARN_UNGUARDED_AVAILABILITY = YES_AGGRESSIVE;
				CLANG_WARN_UNREACHABLE_CODE = YES;
				CLANG_WARN__DUPLICATE_METHOD_MATCH = YES;
				COPY_PHASE_STRIP = NO;
				DEBUG_INFORMATION_FORMAT = "dwarf-with-dsym";
				ENABLE_NS_ASSERTIONS = NO;
				ENABLE_STRICT_OBJC_MSGSEND = YES;
				GCC_C_LANGUAGE_STANDARD = gnu11;
				GCC_NO_COMMON_BLOCKS = YES;
				GCC_WARN_64_TO_32_BIT_CONVERSION = YES;
				GCC_WARN_ABOUT_RETURN_TYPE = YES_ERROR;
				GCC_WARN_UNDECLARED_SELECTOR = YES;
				GCC_WARN_UNINITIALIZED_AUTOS = YES_AGGRESSIVE;
				GCC_WARN_UNUSED_FUNCTION = YES;
				GCC_WARN_UNUSED_VARIABLE = YES;
				IPHONEOS_DEPLOYMENT_TARGET = 14.1;
				MTL_ENABLE_DEBUG_INFO = NO;
				MTL_FAST_MATH = YES;
				SDKROOT = iphoneos;
				SWIFT_COMPILATION_MODE = wholemodule;
				SWIFT_OPTIMIZATION_LEVEL = "-O";
				VALIDATE_PRODUCT = YES;
			};
			name = Release;
		};
		10203F8A25C181F9000D6662 /* Debug */ = {
			isa = XCBuildConfiguration;
			buildSettings = {
				ASSETCATALOG_COMPILER_APPICON_NAME = AppIcon;
				ASSETCATALOG_COMPILER_GLOBAL_ACCENT_COLOR_NAME = AccentColor;
				CODE_SIGN_STYLE = Automatic;
				INFOPLIST_FILE = Vadimka/Info.plist;
				LD_RUNPATH_SEARCH_PATHS = (
					"$(inherited)",
					"@executable_path/Frameworks",
				);
				PRODUCT_BUNDLE_IDENTIFIER = random.Vadimka;
				PRODUCT_NAME = "$(TARGET_NAME)";
				SWIFT_VERSION = 5.0;
				TARGETED_DEVICE_FAMILY = "1,2";
			};
			name = Debug;
		};
		10203F8B25C181F9000D6662 /* Release */ = {
			isa = XCBuildConfiguration;
			buildSettings = {
				ASSETCATALOG_COMPILER_APPICON_NAME = AppIcon;
				ASSETCATALOG_COMPILER_GLOBAL_ACCENT_COLOR_NAME = AccentColor;
				CODE_SIGN_STYLE = Automatic;
				INFOPLIST_FILE = Vadimka/Info.plist;
				LD_RUNPATH_SEARCH_PATHS = (
					"$(inherited)",
					"@executable_path/Frameworks",
				);
				PRODUCT_BUNDLE_IDENTIFIER = random.Vadimka;
				PRODUCT_NAME = "$(TARGET_NAME)";
				SWIFT_VERSION = 5.0;
				TARGETED_DEVICE_FAMILY = "1,2";
			};
			name = Release;
		};
		10203F8D25C181F9000D6662 /* Debug */ = {
			isa = XCBuildConfiguration;
			buildSettings = {
				ALWAYS_EMBED_SWIFT_STANDARD_LIBRARIES = YES;
				BUNDLE_LOADER = "$(TEST_HOST)";
				CODE_SIGN_STYLE = Automatic;
				INFOPLIST_FILE = VadimkaTests/Info.plist;
				IPHONEOS_DEPLOYMENT_TARGET = 14.1;
				LD_RUNPATH_SEARCH_PATHS = (
					"$(inherited)",
					"@executable_path/Frameworks",
					"@loader_path/Frameworks",
				);
				PRODUCT_BUNDLE_IDENTIFIER = random.VadimkaTests;
				PRODUCT_NAME = "$(TARGET_NAME)";
				SWIFT_VERSION = 5.0;
				TARGETED_DEVICE_FAMILY = "1,2";
				TEST_HOST = "$(BUILT_PRODUCTS_DIR)/Vadimka.app/Vadimka";
			};
			name = Debug;
		};
		10203F8E25C181F9000D6662 /* Release */ = {
			isa = XCBuildConfiguration;
			buildSettings = {
				ALWAYS_EMBED_SWIFT_STANDARD_LIBRARIES = YES;
				BUNDLE_LOADER = "$(TEST_HOST)";
				CODE_SIGN_STYLE = Automatic;
				INFOPLIST_FILE = VadimkaTests/Info.plist;
				IPHONEOS_DEPLOYMENT_TARGET = 14.1;
				LD_RUNPATH_SEARCH_PATHS = (
					"$(inherited)",
					"@executable_path/Frameworks",
					"@loader_path/Frameworks",
				);
				PRODUCT_BUNDLE_IDENTIFIER = random.VadimkaTests;
				PRODUCT_NAME = "$(TARGET_NAME)";
				SWIFT_VERSION = 5.0;
				TARGETED_DEVICE_FAMILY = "1,2";
				TEST_HOST = "$(BUILT_PRODUCTS_DIR)/Vadimka.app/Vadimka";
			};
			name = Release;
		};
		10203F9025C181F9000D6662 /* Debug */ = {
			isa = XCBuildConfiguration;
			buildSettings = {
				ALWAYS_EMBED_SWIFT_STANDARD_LIBRARIES = YES;
				CODE_SIGN_STYLE = Automatic;
				INFOPLIST_FILE = VadimkaUITests/Info.plist;
				LD_RUNPATH_SEARCH_PATHS = (
					"$(inherited)",
					"@executable_path/Frameworks",
					"@loader_path/Frameworks",
				);
				PRODUCT_BUNDLE_IDENTIFIER = random.VadimkaUITests;
				PRODUCT_NAME = "$(TARGET_NAME)";
				SWIFT_VERSION = 5.0;
				TARGETED_DEVICE_FAMILY = "1,2";
				TEST_TARGET_NAME = Vadimka;
			};
			name = Debug;
		};
		10203F9125C181F9000D6662 /* Release */ = {
			isa = XCBuildConfiguration;
			buildSettings = {
				ALWAYS_EMBED_SWIFT_STANDARD_LIBRARIES = YES;
				CODE_SIGN_STYLE = Automatic;
				INFOPLIST_FILE = VadimkaUITests/Info.plist;
				LD_RUNPATH_SEARCH_PATHS = (
					"$(inherited)",
					"@executable_path/Frameworks",
					"@loader_path/Frameworks",
				);
				PRODUCT_BUNDLE_IDENTIFIER = random.VadimkaUITests;
				PRODUCT_NAME = "$(TARGET_NAME)";
				SWIFT_VERSION = 5.0;
				TARGETED_DEVICE_FAMILY = "1,2";
				TEST_TARGET_NAME = Vadimka;
			};
			name = Release;
		};
/* End XCBuildConfiguration section */

/* Begin XCConfigurationList section */
		10203F5A25C181F8000D6662 /* Build configuration list for PBXProject "Vadimka" */ = {
			isa = XCConfigurationList;
			buildConfigurations = (
				10203F8725C181F9000D6662 /* Debug */,
				10203F8825C181F9000D6662 /* Release */,
			);
			defaultConfigurationIsVisible = 0;
			defaultConfigurationName = Release;
		};
		10203F8925C181F9000D6662 /* Build configuration list for PBXNativeTarget "Vadimka" */ = {
			isa = XCConfigurationList;
			buildConfigurations = (
				10203F8A25C181F9000D6662 /* Debug */,
				10203F8B25C181F9000D6662 /* Release */,
			);
			defaultConfigurationIsVisible = 0;
			defaultConfigurationName = Release;
		};
		10203F8C25C181F9000D6662 /* Build configuration list for PBXNativeTarget "VadimkaTests" */ = {
			isa = XCConfigurationList;
			buildConfigurations = (
				10203F8D25C181F9000D6662 /* Debug */,
				10203F8E25C181F9000D6662 /* Release */,
			);
			defaultConfigurationIsVisible = 0;
			defaultConfigurationName = Release;
		};
		10203F8F25C181F9000D6662 /* Build configuration list for PBXNativeTarget "VadimkaUITests" */ = {
			isa = XCConfigurationList;
			buildConfigurations = (
				10203F9025C181F9000D6662 /* Debug */,
				10203F9125C181F9000D6662 /* Release */,
			);
			defaultConfigurationIsVisible = 0;
			defaultConfigurationName = Release;
		};
/* End XCConfigurationList section */
	};
	rootObject = 10203F5725C181F8000D6662 /* Project object */;
}
